
Microsoft Visual Studio Solution File, Format Version 12.00
# Visual Studio Version 17
VisualStudioVersion = 17.9.34728.123
MinimumVisualStudioVersion = 10.0.40219.1
Project("{9A19103F-16F7-4668-BE54-9A1E7A4F7556}") = "InnoProducts", "InnoProducts\InnoProducts.csproj", "{E73121F8-A45E-4E97-9504-5E286172FFD4}"
EndProject
Project("{9A19103F-16F7-4668-BE54-9A1E7A4F7556}") = "Tests", "Tests\Tests.csproj", "{7A5589B8-EDA7-4B30-A44F-71F5656969B3}"
EndProject
Project("{E53339B2-1760-4266-BCC7-CA923CBCF16C}") = "docker-compose", "docker-compose.dcproj", "{AA24AC4C-B6D0-48BB-A157-AE82312E7774}"
EndProject
Global
	GlobalSection(SolutionConfigurationPlatforms) = preSolution
		Debug|Any CPU = Debug|Any CPU
		Release|Any CPU = Release|Any CPU
	EndGlobalSection
	GlobalSection(ProjectConfigurationPlatforms) = postSolution
		{E73121F8-A45E-4E97-9504-5E286172FFD4}.Debug|Any CPU.ActiveCfg = Debug|Any CPU
		{E73121F8-A45E-4E97-9504-5E286172FFD4}.Debug|Any CPU.Build.0 = Debug|Any CPU
		{E73121F8-A45E-4E97-9504-5E286172FFD4}.Release|Any CPU.ActiveCfg = Release|Any CPU
		{E73121F8-A45E-4E97-9504-5E286172FFD4}.Release|Any CPU.Build.0 = Release|Any CPU
		{7A5589B8-EDA7-4B30-A44F-71F5656969B3}.Debug|Any CPU.ActiveCfg = Debug|Any CPU
		{7A5589B8-EDA7-4B30-A44F-71F5656969B3}.Debug|Any CPU.Build.0 = Debug|Any CPU
		{7A5589B8-EDA7-4B30-A44F-71F5656969B3}.Release|Any CPU.ActiveCfg = Release|Any CPU
		{7A5589B8-EDA7-4B30-A44F-71F5656969B3}.Release|Any CPU.Build.0 = Release|Any CPU
		{AA24AC4C-B6D0-48BB-A157-AE82312E7774}.Debug|Any CPU.ActiveCfg = Debug|Any CPU
		{AA24AC4C-B6D0-48BB-A157-AE82312E7774}.Debug|Any CPU.Build.0 = Debug|Any CPU
		{AA24AC4C-B6D0-48BB-A157-AE82312E7774}.Release|Any CPU.ActiveCfg = Release|Any CPU
		{AA24AC4C-B6D0-48BB-A157-AE82312E7774}.Release|Any CPU.Build.0 = Release|Any CPU
	EndGlobalSection
	GlobalSection(SolutionProperties) = preSolution
		HideSolutionNode = FALSE
	EndGlobalSection
	GlobalSection(ExtensibilityGlobals) = postSolution
		SolutionGuid = {DA407EB1-8013-40D2-B070-F94FE0D57174}
	EndGlobalSection
EndGlobal
